
Microsoft Visual Studio Solution File, Format Version 12.00
# Visual Studio Version 16
VisualStudioVersion = 16.0.31624.102
MinimumVisualStudioVersion = 10.0.40219.1
Project("{FAE04EC0-301F-11D3-BF4B-00C04F79EFBC}") = "HotDesk", "HotDesk.csproj", "{D529656B-FA79-4D94-BFA0-44DD1533E27F}"
EndProject
Global
	GlobalSection(SolutionConfigurationPlatforms) = preSolution
		Debug|Any CPU = Debug|Any CPU
		Release|Any CPU = Release|Any CPU
	EndGlobalSection
	GlobalSection(ProjectConfigurationPlatforms) = postSolution
		{D529656B-FA79-4D94-BFA0-44DD1533E27F}.Debug|Any CPU.ActiveCfg = Debug|Any CPU
		{D529656B-FA79-4D94-BFA0-44DD1533E27F}.Debug|Any CPU.Build.0 = Debug|Any CPU
		{D529656B-FA79-4D94-BFA0-44DD1533E27F}.Release|Any CPU.ActiveCfg = Release|Any CPU
		{D529656B-FA79-4D94-BFA0-44DD1533E27F}.Release|Any CPU.Build.0 = Release|Any CPU
	EndGlobalSection
	GlobalSection(SolutionProperties) = preSolution
		HideSolutionNode = FALSE
	EndGlobalSection
	GlobalSection(ExtensibilityGlobals) = postSolution
		SolutionGuid = {FC3E6BF6-659A-47D2-859B-9426D97B2F0B}
	EndGlobalSection
EndGlobal
